
Microsoft Visual Studio Solution File, Format Version 12.00
# Visual Studio Version 17
VisualStudioVersion = 17.4.33110.190
MinimumVisualStudioVersion = 10.0.40219.1
Project("{9A19103F-16F7-4668-BE54-9A1E7A4F7556}") = "order-manager", "order-manager\order-manager.csproj", "{DFF9980F-7E1C-4860-8645-E0B914E7D414}"
EndProject
Project("{9A19103F-16F7-4668-BE54-9A1E7A4F7556}") = "trading-model", "trading-model\trading-model.csproj", "{A9DC2570-4711-46C5-8551-A07BE61B79ED}"
EndProject
Global
	GlobalSection(SolutionConfigurationPlatforms) = preSolution
		Debug|Any CPU = Debug|Any CPU
		Debug|x64 = Debug|x64
		Release|Any CPU = Release|Any CPU
		Release|x64 = Release|x64
	EndGlobalSection
	GlobalSection(ProjectConfigurationPlatforms) = postSolution
		{DFF9980F-7E1C-4860-8645-E0B914E7D414}.Debug|Any CPU.ActiveCfg = Debug|Any CPU
		{DFF9980F-7E1C-4860-8645-E0B914E7D414}.Debug|Any CPU.Build.0 = Debug|Any CPU
		{DFF9980F-7E1C-4860-8645-E0B914E7D414}.Debug|x64.ActiveCfg = Debug|x64
		{DFF9980F-7E1C-4860-8645-E0B914E7D414}.Debug|x64.Build.0 = Debug|x64
		{DFF9980F-7E1C-4860-8645-E0B914E7D414}.Release|Any CPU.ActiveCfg = Release|Any CPU
		{DFF9980F-7E1C-4860-8645-E0B914E7D414}.Release|Any CPU.Build.0 = Release|Any CPU
		{DFF9980F-7E1C-4860-8645-E0B914E7D414}.Release|x64.ActiveCfg = Release|x64
		{DFF9980F-7E1C-4860-8645-E0B914E7D414}.Release|x64.Build.0 = Release|x64
		{A9DC2570-4711-46C5-8551-A07BE61B79ED}.Debug|Any CPU.ActiveCfg = Debug|Any CPU
		{A9DC2570-4711-46C5-8551-A07BE61B79ED}.Debug|Any CPU.Build.0 = Debug|Any CPU
		{A9DC2570-4711-46C5-8551-A07BE61B79ED}.Debug|x64.ActiveCfg = Debug|Any CPU
		{A9DC2570-4711-46C5-8551-A07BE61B79ED}.Debug|x64.Build.0 = Debug|Any CPU
		{A9DC2570-4711-46C5-8551-A07BE61B79ED}.Release|Any CPU.ActiveCfg = Release|Any CPU
		{A9DC2570-4711-46C5-8551-A07BE61B79ED}.Release|Any CPU.Build.0 = Release|Any CPU
		{A9DC2570-4711-46C5-8551-A07BE61B79ED}.Release|x64.ActiveCfg = Release|Any CPU
		{A9DC2570-4711-46C5-8551-A07BE61B79ED}.Release|x64.Build.0 = Release|Any CPU
	EndGlobalSection
	GlobalSection(SolutionProperties) = preSolution
		HideSolutionNode = FALSE
	EndGlobalSection
	GlobalSection(ExtensibilityGlobals) = postSolution
		SolutionGuid = {20396D8C-ADC5-4D4E-8C15-0B4ED6576CDD}
	EndGlobalSection
EndGlobal
